version = 1
revision = 3
requires-python = ">=3.8"
resolution-markers = [
    "python_full_version >= '3.9'",
    "python_full_version < '3.9'",
]

[[package]]
name = "lightdrive"
version = "0.0.0.dev0"
source = { virtual = "." }
dependencies = [
    { name = "pyside6", version = "6.6.3.1", source = { registry = "https://pypi.org/simple" }, marker = "python_full_version < '3.9'" },
    { name = "pyside6", version = "6.10.0", source = { registry = "https://pypi.org/simple" }, marker = "python_full_version >= '3.9'" },
]

[package.metadata]
requires-dist = [{ name = "pyside6", specifier = ">=6.6.3.1" }]

[[package]]
name = "pyside6"
version = "6.6.3.1"
source = { registry = "https://pypi.org/simple" }
resolution-markers = [
    "python_full_version < '3.9'",
]
dependencies = [
    { name = "pyside6-addons", version = "6.6.3.1", source = { registry = "https://pypi.org/simple" }, marker = "python_full_version < '3.9'" },
    { name = "pyside6-essentials", version = "6.6.3.1", source = { registry = "https://pypi.org/simple" }, marker = "python_full_version < '3.9'" },
    { name = "shiboken6", version = "6.6.3.1", source = { registry = "https://pypi.org/simple" }, marker = "python_full_version < '3.9'" },
]
wheels = [
    { url = "https://files.pythonhosted.org/packages/ba/9a/3483d05305701ba810192572cee5977ff884c033a1b8f96ab9582d81ccd4/PySide6-6.6.3.1-cp38-abi3-macosx_11_0_universal2.whl", hash = "sha256:3d2ebb08a7744b59e1270e57f264a9ef5b45fccdc0328a9aeb50d890d6b3f4f2", size = 512759, upload-time = "2024-04-02T12:28:14.771Z" },
    { url = "https://files.pythonhosted.org/packages/14/60/dc79d4ea59ed1ebe6062c5db972b31d489ea84315dcf3bd58a2a741c73b3/PySide6-6.6.3.1-cp38-abi3-manylinux_2_28_x86_64.whl", hash = "sha256:35936f06257e5c37ae8993da0cb5a528e5db3ea1fc2bb6b12cdf899a11510966", size = 513325, upload-time = "2024-04-02T12:28:17.925Z" },
    { url = "https://files.pythonhosted.org/packages/51/3e/b77d2b9a1efcb5c90a2df4f51eb10bce45b3787c4fa16b69c599fd6620b9/PySide6-6.6.3.1-cp38-abi3-manylinux_2_31_aarch64.whl", hash = "sha256:f7acd26fe8e1a745ef0be66b49ee49ee8ae50c2a2855d9792db262ebc7916d98", size = 513326, upload-time = "2024-04-02T12:28:20.418Z" },
    { url = "https://files.pythonhosted.org/packages/af/90/3164ace42cb80ed55642e965934133d0c49bfa3ea79e43631dd331cdc866/PySide6-6.6.3.1-cp38-abi3-win_amd64.whl", hash = "sha256:d993989a10725c856f5b07f25e0664c5059daa92c259549c9df0972b5b0c7935", size = 520559, upload-time = "2024-04-02T12:28:23.459Z" },
]

[[package]]
name = "pyside6"
version = "6.10.0"
source = { registry = "https://pypi.org/simple" }
resolution-markers = [
    "python_full_version >= '3.9'",
]
dependencies = [
    { name = "pyside6-addons", version = "6.10.0", source = { registry = "https://pypi.org/simple" }, marker = "python_full_version >= '3.9'" },
    { name = "pyside6-essentials", version = "6.10.0", source = { registry = "https://pypi.org/simple" }, marker = "python_full_version >= '3.9'" },
    { name = "shiboken6", version = "6.10.0", source = { registry = "https://pypi.org/simple" }, marker = "python_full_version >= '3.9'" },
]
wheels = [
    { url = "https://files.pythonhosted.org/packages/e6/98/84b16f78b5d92dd234fb1eb9890a350a5b0c83d985bb8c44a92f813a2d02/pyside6-6.10.0-cp39-abi3-macosx_13_0_universal2.whl", hash = "sha256:c2cbc5dc2a164e3c7c51b3435e24203e90e5edd518c865466afccbd2e5872bb0", size = 558115, upload-time = "2025-10-08T09:47:09.246Z" },
    { url = "https://files.pythonhosted.org/packages/4e/76/0961c8c5653ecb60a6881b649dcb6b71a6be5bd1c8d441ecc48ac7f50b1a/pyside6-6.10.0-cp39-abi3-manylinux_2_34_x86_64.whl", hash = "sha256:ae8c3c8339cd7c3c9faa7cc5c52670dcc8662ccf4b63a6fed61c6345b90c4c01", size = 557762, upload-time = "2025-10-08T09:47:11.819Z" },
    { url = "https://files.pythonhosted.org/packages/c8/73/6187502fff8b6599443d15c46dd900b2ded24be5aacb2becce33f6faf566/pyside6-6.10.0-cp39-abi3-manylinux_2_39_aarch64.whl", hash = "sha256:9f402f883e640048fab246d36e298a5e16df9b18ba2e8c519877e472d3602820", size = 558299, upload-time = "2025-10-08T09:47:14.255Z" },
    { url = "https://files.pythonhosted.org/packages/43/67/94794ebaf198bbdb35cb77f19f38370f9b323b036ab149874bc33c38faab/pyside6-6.10.0-cp39-abi3-win_amd64.whl", hash = "sha256:70a8bcc73ea8d6baab70bba311eac77b9a1d31f658d0b418e15eb6ea36c97e6f", size = 564367, upload-time = "2025-10-08T09:47:16.287Z" },
    { url = "https://files.pythonhosted.org/packages/1d/cc/552331d413c1b933d54ed45e33cc7ff29d0b239677975fe2528e7ac8bfbc/pyside6-6.10.0-cp39-abi3-win_arm64.whl", hash = "sha256:4b709bdeeb89d386059343a5a706fc185cee37b517bda44c7d6b64d5fdaf3339", size = 548826, upload-time = "2025-10-08T09:47:18.399Z" },
]

[[package]]
name = "pyside6-addons"
version = "6.6.3.1"
source = { registry = "https://pypi.org/simple" }
resolution-markers = [
    "python_full_version < '3.9'",
]
dependencies = [
    { name = "pyside6-essentials", version = "6.6.3.1", source = { registry = "https://pypi.org/simple" }, marker = "python_full_version < '3.9'" },
    { name = "shiboken6", version = "6.6.3.1", source = { registry = "https://pypi.org/simple" }, marker = "python_full_version < '3.9'" },
]
wheels = [
    { url = "https://files.pythonhosted.org/packages/5f/43/b4d9264969552450c2e889450908279302360901b530f3ec3eb1154db5bf/PySide6_Addons-6.6.3.1-cp38-abi3-macosx_11_0_universal2.whl", hash = "sha256:31135adc521ed6e3fdc8203507e7e9d72424d6b9ebd245d1189d991e90669d6a", size = 250159667, upload-time = "2024-04-02T12:08:03.498Z" },
    { url = "https://files.pythonhosted.org/packages/02/fc/e265aa0c338ddd8a4f2c3526aadc58f60980508ac56999ba79cf2ce744a7/PySide6_Addons-6.6.3.1-cp38-abi3-manylinux_2_28_x86_64.whl", hash = "sha256:7373479565e5bd963b9662857c40c20768bc0b5853334e2076a62cb039e91f74", size = 125913866, upload-time = "2024-04-02T12:09:59.877Z" },
    { url = "https://files.pythonhosted.org/packages/9e/52/d56c3380f300b14f26be8eaf98af71a128e7e7952a2b3f4c8b24b1547e0a/PySide6_Addons-6.6.3.1-cp38-abi3-manylinux_2_31_aarch64.whl", hash = "sha256:3abdc1e21de0c6763e5392af5ed8b2349291318ce235e7c310d84a2f9d5001a9", size = 111711166, upload-time = "2024-04-02T12:11:17.038Z" },
    { url = "https://files.pythonhosted.org/packages/f3/c6/fc354ab30ca87b34fa62794e75a65a6b8bc7f4e858c5fd217b8706a143bb/PySide6_Addons-6.6.3.1-cp38-abi3-win_amd64.whl", hash = "sha256:d8fbcd726dbf3e713e5d5ccc45ff0e1a9edfe336d7190c96cf7e7c7598681239", size = 111743197, upload-time = "2024-04-02T12:12:29.83Z" },
]

[[package]]
name = "pyside6-addons"
version = "6.10.0"
source = { registry = "https://pypi.org/simple" }
resolution-markers = [
    "python_full_version >= '3.9'",
]
dependencies = [
    { name = "pyside6-essentials", version = "6.10.0", source = { registry = "https://pypi.org/simple" }, marker = "python_full_version >= '3.9'" },
    { name = "shiboken6", version = "6.10.0", source = { registry = "https://pypi.org/simple" }, marker = "python_full_version >= '3.9'" },
]
wheels = [
    { url = "https://files.pythonhosted.org/packages/47/23/9fbdec2ce16244ac3fe28e6d44c39c70465c93a03325939a792fd00fde7f/pyside6_addons-6.10.0-cp39-abi3-macosx_13_0_universal2.whl", hash = "sha256:88e61e21ee4643cdd9efb39ec52f4dc1ac74c0b45c5b7fa453d03c094f0a8a5c", size = 322248256, upload-time = "2025-10-08T09:47:37.844Z" },
    { url = "https://files.pythonhosted.org/packages/b7/b8/d129210f2c7366b4e1bf5bb6230be42052b29e8ba1b1d7db6ef333cf5a39/pyside6_addons-6.10.0-cp39-abi3-manylinux_2_34_x86_64.whl", hash = "sha256:08d4ed46c4c9a353a9eb84134678f8fdd4ce17fb8cce2b3686172a7575025464", size = 170238987, upload-time = "2025-10-08T09:47:51.446Z" },
    { url = "https://files.pythonhosted.org/packages/cf/ae/ede1edd009395092219f3437d2ee59f9ba93739c28c040542ed47c6cc831/pyside6_addons-6.10.0-cp39-abi3-manylinux_2_39_aarch64.whl", hash = "sha256:15d32229d681be0bba1b936c4a300da43d01e1917ada5b57f9e03a387c245ab0", size = 165939425, upload-time = "2025-10-08T09:48:02.073Z" },
    { url = "https://files.pythonhosted.org/packages/7d/5d/a3c32f85ac7f905c95679967c0ddda0ba043c273b75623cc90d8185064e4/pyside6_addons-6.10.0-cp39-abi3-win_amd64.whl", hash = "sha256:99d93a32c17c5f6d797c3b90dd58f2a8bae13abde81e85802c34ceafaee11859", size = 164814172, upload-time = "2025-10-08T09:48:12.891Z" },
    { url = "https://files.pythonhosted.org/packages/a3/2a/4ff71b09571202c8e1320c45276fc1d0cd81ee53107dfc17bb22d4243f88/pyside6_addons-6.10.0-cp39-abi3-win_arm64.whl", hash = "sha256:92536427413f3b6557cf53f1a515cd766725ee46a170aff57ad2ff1dfce0ffb1", size = 34104251, upload-time = "2025-10-08T09:48:18.287Z" },
]

[[package]]
name = "pyside6-essentials"
version = "6.6.3.1"
source = { registry = "https://pypi.org/simple" }
resolution-markers = [
    "python_full_version < '3.9'",
]
dependencies = [
    { name = "shiboken6", version = "6.6.3.1", source = { registry = "https://pypi.org/simple" }, marker = "python_full_version < '3.9'" },
]
wheels = [
    { url = "https://files.pythonhosted.org/packages/ec/47/69e1c0dd4305a30e01e54257fe08d7719da0464b1e2bd351d23831c0018c/PySide6_Essentials-6.6.3.1-cp38-abi3-macosx_11_0_universal2.whl", hash = "sha256:6c16530b63079711783796584b640cc80a347e0b2dc12651aa2877265df7a008", size = 147274572, upload-time = "2024-04-02T12:20:59.741Z" },
    { url = "https://files.pythonhosted.org/packages/4a/29/2375cccf188862c3297f40cb06832cd48fd98fd5da73b0b296a59f54c9f4/PySide6_Essentials-6.6.3.1-cp38-abi3-manylinux_2_28_x86_64.whl", hash = "sha256:1f41f357ce2384576581e76c9c3df1c4fa5b38e347f0bcd0cae7c5bce42a917c", size = 82521622, upload-time = "2024-04-02T12:22:11.01Z" },
    { url = "https://files.pythonhosted.org/packages/0f/2c/d6c6102a1a803f0619932996fed59c90429a09850a2b8c19f44f92dd4189/PySide6_Essentials-6.6.3.1-cp38-abi3-manylinux_2_31_aarch64.whl", hash = "sha256:27034525fdbdd21ef21f20fcd7aaf5c2ffe26f2bcf5269a69dd9492dec7e92aa", size = 66881609, upload-time = "2024-04-02T12:23:15.977Z" },
    { url = "https://files.pythonhosted.org/packages/03/c2/d4e78dd7661889b97e52fbfed908ce65abf1422dc03cc7e90752b52ff1f5/PySide6_Essentials-6.6.3.1-cp38-abi3-win_amd64.whl", hash = "sha256:31f7e70ada44d3cdbe6686670b3df036c720cfeb1dced0f7704e5f5a4be6a764", size = 77264921, upload-time = "2024-04-02T12:24:22.734Z" },
]

[[package]]
name = "pyside6-essentials"
version = "6.10.0"
source = { registry = "https://pypi.org/simple" }
resolution-markers = [
    "python_full_version >= '3.9'",
]
dependencies = [
    { name = "shiboken6", version = "6.10.0", source = { registry = "https://pypi.org/simple" }, marker = "python_full_version >= '3.9'" },
]
wheels = [
    { url = "https://files.pythonhosted.org/packages/e5/55/bad02ab890c8b8101abef0db4a2e5304be78a69e23a438e4d8555b664467/pyside6_essentials-6.10.0-cp39-abi3-macosx_13_0_universal2.whl", hash = "sha256:003e871effe1f3e5b876bde715c15a780d876682005a6e989d89f48b8b93e93a", size = 105034090, upload-time = "2025-10-08T09:48:24.944Z" },
    { url = "https://files.pythonhosted.org/packages/5c/75/e17efc7eb900993e0e3925885635c6cf373c817196f09bcbcc102b00ac94/pyside6_essentials-6.10.0-cp39-abi3-manylinux_2_34_x86_64.whl", hash = "sha256:1d5e013a8698e37ab8ef360e6960794eb5ef20832a8d562e649b8c5a0574b2d8", size = 76362150, upload-time = "2025-10-08T09:48:31.849Z" },
    { url = "https://files.pythonhosted.org/packages/06/62/fbd1e81caafcda97b147c03f5b06cfaadd8da5fa8298f527d2ec648fa5b7/pyside6_essentials-6.10.0-cp39-abi3-manylinux_2_39_aarch64.whl", hash = "sha256:b1dd0864f0577a448fb44426b91cafff7ee7cccd1782ba66491e1c668033f998", size = 75454169, upload-time = "2025-10-08T09:48:38.21Z" },
    { url = "https://files.pythonhosted.org/packages/bb/3a/d8211d17e6ca70f641c6ebd309f08ef18930acda60e74082c75875a274da/pyside6_essentials-6.10.0-cp39-abi3-win_amd64.whl", hash = "sha256:fc167eb211dd1580e20ba90d299e74898e7a5a1306d832421e879641fc03b6fe", size = 74361794, upload-time = "2025-10-08T09:48:44.335Z" },
    { url = "https://files.pythonhosted.org/packages/61/e9/0e22e3c10325c4ff09447fadb43f7962afb82cef0b65358f5704251c6b32/pyside6_essentials-6.10.0-cp39-abi3-win_arm64.whl", hash = "sha256:6dd0936394cb14da2fd8e869899f5e0925a738b1c8d74c2f22503720ea363fb1", size = 55099467, upload-time = "2025-10-08T09:48:50.902Z" },
]

[[package]]
name = "shiboken6"
version = "6.6.3.1"
source = { registry = "https://pypi.org/simple" }
resolution-markers = [
    "python_full_version < '3.9'",
]
wheels = [
    { url = "https://files.pythonhosted.org/packages/af/fb/183b7889168f44b19526f58c571b88e23375150abcbd5b603dd3a288ef7a/shiboken6-6.6.3.1-cp38-abi3-macosx_11_0_universal2.whl", hash = "sha256:2a8df586aa9eb629388b368d3157893083c5217ed3eb637bf182d1948c823a0f", size = 345925, upload-time = "2024-04-02T12:24:42.21Z" },
    { url = "https://files.pythonhosted.org/packages/77/f1/feb2a8be699f91fb27fbe8758b405fb38a22e3ae5bd5e05258dbef18d462/shiboken6-6.6.3.1-cp38-abi3-manylinux_2_28_x86_64.whl", hash = "sha256:b1aeff0d79d84ddbdc9970144c1bbc3a52fcb45618d1b33d17d57f99f1246d45", size = 171474, upload-time = "2024-04-02T12:24:44.914Z" },
    { url = "https://files.pythonhosted.org/packages/b9/03/e71f0f3fc35fcc90265d1345e3afa509bbd2d6bb305c6e78427a9b27efea/shiboken6-6.6.3.1-cp38-abi3-manylinux_2_31_aarch64.whl", hash = "sha256:902d9e126ac57cc3841cdc50ba38d53948b40cf667538172f253c4ae7b2dcb2c", size = 162427, upload-time = "2024-04-02T12:24:46.669Z" },
    { url = "https://files.pythonhosted.org/packages/b8/f3/b4153287806a63ee064570ed527f16f9eacedab4f4ea99cb84b55e624e21/shiboken6-6.6.3.1-cp38-abi3-win_amd64.whl", hash = "sha256:88494b5e08a1f235efddbe2b0b225a3a66e07d72b6091fcc2fc5448572453649", size = 1068203, upload-time = "2024-04-02T12:24:50.09Z" },
]

[[package]]
name = "shiboken6"
version = "6.10.0"
source = { registry = "https://pypi.org/simple" }
resolution-markers = [
    "python_full_version >= '3.9'",
]
wheels = [
    { url = "https://files.pythonhosted.org/packages/fd/78/3e730aea82089dd82b1e092bc265778bda329459e6ad9b7134eec5fff3f2/shiboken6-6.10.0-cp39-abi3-macosx_13_0_universal2.whl", hash = "sha256:7a5f5f400ebfb3a13616030815708289c2154e701a60b9db7833b843e0bee543", size = 476535, upload-time = "2025-10-08T09:49:08Z" },
    { url = "https://files.pythonhosted.org/packages/ea/09/4ffa3284a17b6b765d45b41c9a7f1b2cde6c617c853ac6f170fb62bbbece/shiboken6-6.10.0-cp39-abi3-manylinux_2_34_x86_64.whl", hash = "sha256:e612734da515d683696980107cdc0396a3ae0f07b059f0f422ec8a2333810234", size = 271098, upload-time = "2025-10-08T09:49:09.47Z" },
    { url = "https://files.pythonhosted.org/packages/31/29/00e26f33a0fb259c2edce9c761a7a438d7531ca514bdb1a4c072673bd437/shiboken6-6.10.0-cp39-abi3-manylinux_2_39_aarch64.whl", hash = "sha256:b01377e68d14132360efb0f4b7233006d26aa8ae9bb50edf00960c2a5f52d148", size = 267698, upload-time = "2025-10-08T09:49:10.694Z" },
    { url = "https://files.pythonhosted.org/packages/11/30/e4624a7e3f0dc9796b701079b77defcce0d32d1afc86bb1d0df04bc3d9e2/shiboken6-6.10.0-cp39-abi3-win_amd64.whl", hash = "sha256:0bc5631c1bf150cbef768a17f5f289aae1cb4db6c6b0c19b2421394e27783717", size = 1234227, upload-time = "2025-10-08T09:49:12.774Z" },
    { url = "https://files.pythonhosted.org/packages/dd/e5/0ab862005ea87dc8647ba958a3099b3b0115fd6491c65da5c5a0f6364db1/shiboken6-6.10.0-cp39-abi3-win_arm64.whl", hash = "sha256:dfc4beab5fec7dbbebbb418f3bf99af865d6953aa0795435563d4cbb82093b61", size = 1794775, upload-time = "2025-10-08T09:49:14.641Z" },
]
